
Microsoft Visual Studio Solution File, Format Version 12.00
# Visual Studio Version 16
VisualStudioVersion = 16.0.28803.202
MinimumVisualStudioVersion = 10.0.40219.1
Project("{FAE04EC0-301F-11D3-BF4B-00C04F79EFBC}") = "StudentExercisesApi", "StudentExercisesApi\StudentExercisesApi.csproj", "{12CA3931-D230-4937-9AC5-54C59EE8D8DA}"
EndProject
Project("{9A19103F-16F7-4668-BE54-9A1E7A4F7556}") = "TestingStudentExercises", "TestingStudentExercises\TestingStudentExercises.csproj", "{7D377CFF-31D5-483B-97AC-0DCF2AE4D080}"
EndProject
Global
	GlobalSection(SolutionConfigurationPlatforms) = preSolution
		Debug|Any CPU = Debug|Any CPU
		Release|Any CPU = Release|Any CPU
	EndGlobalSection
	GlobalSection(ProjectConfigurationPlatforms) = postSolution
		{12CA3931-D230-4937-9AC5-54C59EE8D8DA}.Debug|Any CPU.ActiveCfg = Debug|Any CPU
		{12CA3931-D230-4937-9AC5-54C59EE8D8DA}.Debug|Any CPU.Build.0 = Debug|Any CPU
		{12CA3931-D230-4937-9AC5-54C59EE8D8DA}.Release|Any CPU.ActiveCfg = Release|Any CPU
		{12CA3931-D230-4937-9AC5-54C59EE8D8DA}.Release|Any CPU.Build.0 = Release|Any CPU
		{7D377CFF-31D5-483B-97AC-0DCF2AE4D080}.Debug|Any CPU.ActiveCfg = Debug|Any CPU
		{7D377CFF-31D5-483B-97AC-0DCF2AE4D080}.Debug|Any CPU.Build.0 = Debug|Any CPU
		{7D377CFF-31D5-483B-97AC-0DCF2AE4D080}.Release|Any CPU.ActiveCfg = Release|Any CPU
		{7D377CFF-31D5-483B-97AC-0DCF2AE4D080}.Release|Any CPU.Build.0 = Release|Any CPU
	EndGlobalSection
	GlobalSection(SolutionProperties) = preSolution
		HideSolutionNode = FALSE
	EndGlobalSection
	GlobalSection(ExtensibilityGlobals) = postSolution
		SolutionGuid = {B51C139F-1045-4288-B504-1F3A42CBD699}
	EndGlobalSection
EndGlobal
